# This file is automatically @generated by Cargo.
# It is not intended for manual editing.
version = 4

[[package]]
name = "aura-api"
version = "0.1.0"
dependencies = [
 "aura-core",
 "aura-store",
]

[[package]]
name = "aura-core"
version = "0.1.0"

[[package]]
name = "aura-discover"
version = "0.1.0"
dependencies = [
 "aura-core",
 "aura-net",
 "aura-store",
]

[[package]]
name = "aura-epics"
version = "0.1.0"
dependencies = [
 "aura-api",
 "aura-core",
 "aura-discover",
 "aura-ingest",
 "aura-net",
 "aura-store",
]

[[package]]
name = "aura-ingest"
version = "0.1.0"
dependencies = [
 "aura-core",
]

[[package]]
name = "aura-net"
version = "0.1.0"

[[package]]
name = "aura-store"
version = "0.1.0"
dependencies = [
 "aura-core",
]